
Microsoft Visual Studio Solution File, Format Version 12.00
# Visual Studio 2012
Project("{FAE04EC0-301F-11D3-BF4B-00C04F79EFBC}") = "GUI.Core", "GUI\GUI.Core.csproj", "{782005D2-14CC-479E-ABC7-7777DE1F70EB}"
EndProject
Project("{FAE04EC0-301F-11D3-BF4B-00C04F79EFBC}") = "GUI.WinForms", "GUI\WinForms\GUI.WinForms.csproj", "{1720FC81-884D-4583-8330-EC5EDE126973}"
EndProject
Project("{FAE04EC0-301F-11D3-BF4B-00C04F79EFBC}") = "GUI.GTK", "GUI\GTK\GUI.GTK.csproj", "{98BE9542-38E1-47DF-B556-4A4FE5E8E928}"
EndProject
Project("{FAE04EC0-301F-11D3-BF4B-00C04F79EFBC}") = "Net.Client", "Net\Client\Net.Client.csproj", "{46B4C44B-DE78-4A2D-BF46-E5697AB1AE58}"
EndProject
Project("{FAE04EC0-301F-11D3-BF4B-00C04F79EFBC}") = "FS.Core", "FS\Core\FS.Core.csproj", "{F14FD851-5657-4819-9EC1-64E6EBA36218}"
EndProject
Project("{FAE04EC0-301F-11D3-BF4B-00C04F79EFBC}") = "FS.Provider.Memory", "FS\Providers\Memory\FS.Provider.Memory.csproj", "{07F9DBE1-5D4B-4A0B-8DE6-8936626EDCCE}"
EndProject
Project("{FAE04EC0-301F-11D3-BF4B-00C04F79EFBC}") = "FS.Consumer.Dokan", "FS\Consumers\Dokan\FS.Consumer.Dokan.csproj", "{FE95AD95-8CEF-4AEB-8F1B-E1713DC9489C}"
EndProject
Project("{FAE04EC0-301F-11D3-BF4B-00C04F79EFBC}") = "FS.Test", "FS\Test\FS.Test.csproj", "{C7CD49A2-7754-471B-BD2F-CD392D73EACB}"
EndProject
Project("{FAE04EC0-301F-11D3-BF4B-00C04F79EFBC}") = "DokanNet", "FS\Lib\dokan\dokan_net\DokanNet\DokanNet.csproj", "{A09B408A-26A0-4FF8-83D5-6E1B1DA5F63C}"
EndProject
Project("{FAE04EC0-301F-11D3-BF4B-00C04F79EFBC}") = "FS.Consumer.FUSE", "FS\Consumers\FUSE\FS.Consumer.FUSE.csproj", "{450FD4CE-2BD6-4A38-BAB6-823086C346BD}"
EndProject
Global
	GlobalSection(SolutionConfigurationPlatforms) = preSolution
		Debug|x86 = Debug|x86
		Release|x86 = Release|x86
	EndGlobalSection
	GlobalSection(ProjectConfigurationPlatforms) = postSolution
		{07F9DBE1-5D4B-4A0B-8DE6-8936626EDCCE}.Debug|x86.ActiveCfg = Debug|x86
		{07F9DBE1-5D4B-4A0B-8DE6-8936626EDCCE}.Debug|x86.Build.0 = Debug|x86
		{07F9DBE1-5D4B-4A0B-8DE6-8936626EDCCE}.Release|x86.ActiveCfg = Release|x86
		{07F9DBE1-5D4B-4A0B-8DE6-8936626EDCCE}.Release|x86.Build.0 = Release|x86
		{1720FC81-884D-4583-8330-EC5EDE126973}.Debug|x86.ActiveCfg = Debug|x86
		{1720FC81-884D-4583-8330-EC5EDE126973}.Debug|x86.Build.0 = Debug|x86
		{1720FC81-884D-4583-8330-EC5EDE126973}.Release|x86.ActiveCfg = Release|x86
		{1720FC81-884D-4583-8330-EC5EDE126973}.Release|x86.Build.0 = Release|x86
		{450FD4CE-2BD6-4A38-BAB6-823086C346BD}.Debug|x86.ActiveCfg = Debug|x86
		{450FD4CE-2BD6-4A38-BAB6-823086C346BD}.Debug|x86.Build.0 = Debug|x86
		{450FD4CE-2BD6-4A38-BAB6-823086C346BD}.Release|x86.ActiveCfg = Release|x86
		{450FD4CE-2BD6-4A38-BAB6-823086C346BD}.Release|x86.Build.0 = Release|x86
		{46B4C44B-DE78-4A2D-BF46-E5697AB1AE58}.Debug|x86.ActiveCfg = Debug|x86
		{46B4C44B-DE78-4A2D-BF46-E5697AB1AE58}.Debug|x86.Build.0 = Debug|x86
		{46B4C44B-DE78-4A2D-BF46-E5697AB1AE58}.Release|x86.ActiveCfg = Release|x86
		{46B4C44B-DE78-4A2D-BF46-E5697AB1AE58}.Release|x86.Build.0 = Release|x86
		{782005D2-14CC-479E-ABC7-7777DE1F70EB}.Debug|x86.ActiveCfg = Debug|x86
		{782005D2-14CC-479E-ABC7-7777DE1F70EB}.Debug|x86.Build.0 = Debug|x86
		{782005D2-14CC-479E-ABC7-7777DE1F70EB}.Release|x86.ActiveCfg = Release|x86
		{782005D2-14CC-479E-ABC7-7777DE1F70EB}.Release|x86.Build.0 = Release|x86
		{98BE9542-38E1-47DF-B556-4A4FE5E8E928}.Debug|x86.ActiveCfg = Debug|x86
		{98BE9542-38E1-47DF-B556-4A4FE5E8E928}.Debug|x86.Build.0 = Debug|x86
		{98BE9542-38E1-47DF-B556-4A4FE5E8E928}.Release|x86.ActiveCfg = Release|x86
		{98BE9542-38E1-47DF-B556-4A4FE5E8E928}.Release|x86.Build.0 = Release|x86
		{A09B408A-26A0-4FF8-83D5-6E1B1DA5F63C}.Debug|x86.ActiveCfg = Debug|x86
		{A09B408A-26A0-4FF8-83D5-6E1B1DA5F63C}.Debug|x86.Build.0 = Debug|x86
		{A09B408A-26A0-4FF8-83D5-6E1B1DA5F63C}.Release|x86.ActiveCfg = Release|x86
		{A09B408A-26A0-4FF8-83D5-6E1B1DA5F63C}.Release|x86.Build.0 = Release|x86
		{C7CD49A2-7754-471B-BD2F-CD392D73EACB}.Debug|x86.ActiveCfg = Debug|x86
		{C7CD49A2-7754-471B-BD2F-CD392D73EACB}.Debug|x86.Build.0 = Debug|x86
		{C7CD49A2-7754-471B-BD2F-CD392D73EACB}.Release|x86.ActiveCfg = Release|x86
		{C7CD49A2-7754-471B-BD2F-CD392D73EACB}.Release|x86.Build.0 = Release|x86
		{F14FD851-5657-4819-9EC1-64E6EBA36218}.Debug|x86.ActiveCfg = Debug|x86
		{F14FD851-5657-4819-9EC1-64E6EBA36218}.Debug|x86.Build.0 = Debug|x86
		{F14FD851-5657-4819-9EC1-64E6EBA36218}.Release|x86.ActiveCfg = Release|x86
		{F14FD851-5657-4819-9EC1-64E6EBA36218}.Release|x86.Build.0 = Release|x86
		{FE95AD95-8CEF-4AEB-8F1B-E1713DC9489C}.Debug|x86.ActiveCfg = Debug|x86
		{FE95AD95-8CEF-4AEB-8F1B-E1713DC9489C}.Debug|x86.Build.0 = Debug|x86
		{FE95AD95-8CEF-4AEB-8F1B-E1713DC9489C}.Release|x86.ActiveCfg = Release|x86
		{FE95AD95-8CEF-4AEB-8F1B-E1713DC9489C}.Release|x86.Build.0 = Release|x86
	EndGlobalSection
	GlobalSection(MonoDevelopProperties) = preSolution
		StartupItem = FS\Consumers\FUSE\FS.Consumer.FUSE.csproj
		Policies = $0
		$0.TextStylePolicy = $1
		$1.FileWidth = 120
		$1.NoTabsAfterNonTabs = True
		$1.EolMarker = Unix
		$1.inheritsSet = VisualStudio
		$1.inheritsScope = text/plain
		$1.scope = text/plain
	EndGlobalSection
EndGlobal
